
Microsoft Visual Studio Solution File, Format Version 12.00
# Visual Studio Version 17
VisualStudioVersion = 17.13.35818.85 d17.13
MinimumVisualStudioVersion = 10.0.40219.1
Project("{FAE04EC0-301F-11D3-BF4B-00C04F79EFBC}") = "quanlythuephongkhachsan", "quanlythuephongkhachsan\quanlythuephongkhachsan.csproj", "{744D821A-B2D9-4AD8-AE5B-5940F4D2C964}"
EndProject
Global
	GlobalSection(SolutionConfigurationPlatforms) = preSolution
		Debug|Any CPU = Debug|Any CPU
		Release|Any CPU = Release|Any CPU
	EndGlobalSection
	GlobalSection(ProjectConfigurationPlatforms) = postSolution
		{744D821A-B2D9-4AD8-AE5B-5940F4D2C964}.Debug|Any CPU.ActiveCfg = Debug|Any CPU
		{744D821A-B2D9-4AD8-AE5B-5940F4D2C964}.Debug|Any CPU.Build.0 = Debug|Any CPU
		{744D821A-B2D9-4AD8-AE5B-5940F4D2C964}.Release|Any CPU.ActiveCfg = Release|Any CPU
		{744D821A-B2D9-4AD8-AE5B-5940F4D2C964}.Release|Any CPU.Build.0 = Release|Any CPU
	EndGlobalSection
	GlobalSection(SolutionProperties) = preSolution
		HideSolutionNode = FALSE
	EndGlobalSection
	GlobalSection(ExtensibilityGlobals) = postSolution
		SolutionGuid = {C7162604-029F-453A-A097-03199B085CFF}
	EndGlobalSection
EndGlobal
